
Microsoft Visual Studio Solution File, Format Version 12.00
Project("{FAE04EC0-301F-11D3-BF4B-00C04F79EFBC}") = "InterpreterModules", "InterpreterModules\InterpreterModules.csproj", "{C38C4DA8-9EA6-48BB-9C06-B3881EC4D65C}"
EndProject
Project("{FAE04EC0-301F-11D3-BF4B-00C04F79EFBC}") = "InterpreterUI", "InterpreterUI\InterpreterUI.csproj", "{804B6241-5DA9-4621-9FF2-2543E544B4E8}"
EndProject
Global
	GlobalSection(SolutionConfigurationPlatforms) = preSolution
		Debug|Any CPU = Debug|Any CPU
		Release|Any CPU = Release|Any CPU
	EndGlobalSection
	GlobalSection(ProjectConfigurationPlatforms) = postSolution
		{C38C4DA8-9EA6-48BB-9C06-B3881EC4D65C}.Debug|Any CPU.ActiveCfg = Debug|Any CPU
		{C38C4DA8-9EA6-48BB-9C06-B3881EC4D65C}.Debug|Any CPU.Build.0 = Debug|Any CPU
		{C38C4DA8-9EA6-48BB-9C06-B3881EC4D65C}.Release|Any CPU.ActiveCfg = Release|Any CPU
		{C38C4DA8-9EA6-48BB-9C06-B3881EC4D65C}.Release|Any CPU.Build.0 = Release|Any CPU
		{804B6241-5DA9-4621-9FF2-2543E544B4E8}.Debug|Any CPU.ActiveCfg = Debug|Any CPU
		{804B6241-5DA9-4621-9FF2-2543E544B4E8}.Debug|Any CPU.Build.0 = Debug|Any CPU
		{804B6241-5DA9-4621-9FF2-2543E544B4E8}.Release|Any CPU.ActiveCfg = Release|Any CPU
		{804B6241-5DA9-4621-9FF2-2543E544B4E8}.Release|Any CPU.Build.0 = Release|Any CPU
	EndGlobalSection
EndGlobal
