
Microsoft Visual Studio Solution File, Format Version 12.00
# Visual Studio Version 17
VisualStudioVersion = 17.4.33122.133
MinimumVisualStudioVersion = 10.0.40219.1
Project("{9A19103F-16F7-4668-BE54-9A1E7A4F7556}") = "InterpreterModules", "InterpreterModules\InterpreterModules.csproj", "{C38C4DA8-9EA6-48BB-9C06-B3881EC4D65C}"
EndProject
Project("{9A19103F-16F7-4668-BE54-9A1E7A4F7556}") = "InterpreterUI", "InterpreterUI\InterpreterUI.csproj", "{804B6241-5DA9-4621-9FF2-2543E544B4E8}"
EndProject
Project("{FAE04EC0-301F-11D3-BF4B-00C04F79EFBC}") = "ConsoleLaunch", "ConsoleLaunch\ConsoleLaunch.csproj", "{51D2F6D5-FC76-4686-BA48-D83A6CCF3F98}"
EndProject
Global
	GlobalSection(SolutionConfigurationPlatforms) = preSolution
		Debug|Any CPU = Debug|Any CPU
		Release|Any CPU = Release|Any CPU
	EndGlobalSection
	GlobalSection(ProjectConfigurationPlatforms) = postSolution
		{C38C4DA8-9EA6-48BB-9C06-B3881EC4D65C}.Debug|Any CPU.ActiveCfg = Debug|Any CPU
		{C38C4DA8-9EA6-48BB-9C06-B3881EC4D65C}.Debug|Any CPU.Build.0 = Debug|Any CPU
		{C38C4DA8-9EA6-48BB-9C06-B3881EC4D65C}.Release|Any CPU.ActiveCfg = Release|Any CPU
		{C38C4DA8-9EA6-48BB-9C06-B3881EC4D65C}.Release|Any CPU.Build.0 = Release|Any CPU
		{804B6241-5DA9-4621-9FF2-2543E544B4E8}.Debug|Any CPU.ActiveCfg = Debug|Any CPU
		{804B6241-5DA9-4621-9FF2-2543E544B4E8}.Debug|Any CPU.Build.0 = Debug|Any CPU
		{804B6241-5DA9-4621-9FF2-2543E544B4E8}.Release|Any CPU.ActiveCfg = Release|Any CPU
		{804B6241-5DA9-4621-9FF2-2543E544B4E8}.Release|Any CPU.Build.0 = Release|Any CPU
		{51D2F6D5-FC76-4686-BA48-D83A6CCF3F98}.Debug|Any CPU.ActiveCfg = Debug|Any CPU
		{51D2F6D5-FC76-4686-BA48-D83A6CCF3F98}.Debug|Any CPU.Build.0 = Debug|Any CPU
		{51D2F6D5-FC76-4686-BA48-D83A6CCF3F98}.Release|Any CPU.ActiveCfg = Release|Any CPU
		{51D2F6D5-FC76-4686-BA48-D83A6CCF3F98}.Release|Any CPU.Build.0 = Release|Any CPU
	EndGlobalSection
	GlobalSection(SolutionProperties) = preSolution
		HideSolutionNode = FALSE
	EndGlobalSection
	GlobalSection(ExtensibilityGlobals) = postSolution
		SolutionGuid = {D1BCB95A-AB43-4F93-868D-4EF141DB2E10}
	EndGlobalSection
EndGlobal
